{
  "name": "03-mysql-init",
  "version": "1.0.0",
  "lockfileVersion": 2,
  "requires": true,
  "packages": {
    "": {
      "version": "1.0.0",
      "license": "ISC",
      "dependencies": {
        "sql": "^0.78.0"
      }
    },
    "node_modules/lodash": {
      "version": "4.1.0",
      "resolved": "https://registry.npmjs.org/lodash/-/lodash-4.1.0.tgz",
      "integrity": "sha1-KZiUKD3gGp7vvt/0xLmwCmoubpY="
    },
    "node_modules/sliced": {
      "version": "0.0.5",
      "resolved": "https://registry.npmjs.org/sliced/-/sliced-0.0.5.tgz",
      "integrity": "sha1-XtwETKTrb3gW1Qui/GPiXY/kcH8="
    },
    "node_modules/sql": {
      "version": "0.78.0",
      "resolved": "https://registry.npmjs.org/sql/-/sql-0.78.0.tgz",
      "integrity": "sha1-iUWF1WER27F2h0Gk2ZNcgshZWUk=",
      "dependencies": {
        "lodash": "4.1.x",
        "sliced": "0.0.x"
      },
      "engines": {
        "node": "*"
      }
    }
  },
  "dependencies": {
    "lodash": {
      "version": "4.1.0",
      "resolved": "https://registry.npmjs.org/lodash/-/lodash-4.1.0.tgz",
      "integrity": "sha1-KZiUKD3gGp7vvt/0xLmwCmoubpY="
    },
    "sliced": {
      "version": "0.0.5",
      "resolved": "https://registry.npmjs.org/sliced/-/sliced-0.0.5.tgz",
      "integrity": "sha1-XtwETKTrb3gW1Qui/GPiXY/kcH8="
    },
    "sql": {
      "version": "0.78.0",
      "resolved": "https://registry.npmjs.org/sql/-/sql-0.78.0.tgz",
      "integrity": "sha1-iUWF1WER27F2h0Gk2ZNcgshZWUk=",
      "requires": {
        "lodash": "4.1.x",
        "sliced": "0.0.x"
      }
    }
  }
}
